
Microsoft Visual Studio Solution File, Format Version 12.00
# Visual Studio Version 17
VisualStudioVersion = 17.0.32112.339
MinimumVisualStudioVersion = 10.0.40219.1
Project("{FAE04EC0-301F-11D3-BF4B-00C04F79EFBC}") = "ConsoleApp5", "ConsoleApp5\ConsoleApp5.csproj", "{D71770C0-88D2-4743-BB22-FA5DE486CB29}"
EndProject
Project("{FAE04EC0-301F-11D3-BF4B-00C04F79EFBC}") = "TestProject2", "TestProject2\TestProject2\TestProject2.csproj", "{780FB7F5-0228-4B5F-832F-CB7C11FD1093}"
EndProject
Global
	GlobalSection(SolutionConfigurationPlatforms) = preSolution
		Debug|Any CPU = Debug|Any CPU
		Release|Any CPU = Release|Any CPU
	EndGlobalSection
	GlobalSection(ProjectConfigurationPlatforms) = postSolution
		{D71770C0-88D2-4743-BB22-FA5DE486CB29}.Debug|Any CPU.ActiveCfg = Debug|Any CPU
		{D71770C0-88D2-4743-BB22-FA5DE486CB29}.Debug|Any CPU.Build.0 = Debug|Any CPU
		{D71770C0-88D2-4743-BB22-FA5DE486CB29}.Release|Any CPU.ActiveCfg = Release|Any CPU
		{D71770C0-88D2-4743-BB22-FA5DE486CB29}.Release|Any CPU.Build.0 = Release|Any CPU
		{780FB7F5-0228-4B5F-832F-CB7C11FD1093}.Debug|Any CPU.ActiveCfg = Debug|Any CPU
		{780FB7F5-0228-4B5F-832F-CB7C11FD1093}.Debug|Any CPU.Build.0 = Debug|Any CPU
		{780FB7F5-0228-4B5F-832F-CB7C11FD1093}.Release|Any CPU.ActiveCfg = Release|Any CPU
		{780FB7F5-0228-4B5F-832F-CB7C11FD1093}.Release|Any CPU.Build.0 = Release|Any CPU
	EndGlobalSection
	GlobalSection(SolutionProperties) = preSolution
		HideSolutionNode = FALSE
	EndGlobalSection
	GlobalSection(ExtensibilityGlobals) = postSolution
		SolutionGuid = {60A12D03-A5FB-47A6-A2CC-9F60FC854D09}
	EndGlobalSection
EndGlobal
